# THIS IS AN AUTOGENERATED FILE. DO NOT EDIT THIS FILE DIRECTLY.
# yarn lockfile v1


typed-i18n@^0.0.1:
  version "0.0.1"
  resolved "https://registry.yarnpkg.com/typed-i18n/-/typed-i18n-0.0.1.tgz#d7d3713c075db4441dfcda6dbdd4b468ec93590b"
  integrity sha512-GM+Q1pjByaZysnNvrMW5kYFBRyPEChjhyFUF/g0Gs196eIJMK/BtSDs9u3F6DeiLAv6/cNe3ID6tFsmSe2euAA==
